
Microsoft Visual Studio Solution File, Format Version 10.00
# Visual Studio 2008
Project("{8BC9CEB8-8B4A-11D0-8D11-00A0C91BC942}") = "pctest", "pctest.vcproj", "{6F54894C-DAD2-4C68-BB13-44CBF2A0ED3D}"
EndProject
Project("{8BC9CEB8-8B4A-11D0-8D11-00A0C91BC942}") = "Base", "..\..\..\Base\Base\Build\Base.vcproj", "{E9AAE810-DD1B-462F-98B2-5371F683C2A1}"
EndProject
Project("{8BC9CEB8-8B4A-11D0-8D11-00A0C91BC942}") = "Math", "..\..\..\RenderEngine\Build\Math.vcproj", "{B91FA1AC-FB3E-4C46-BA50-CE369375C6B7}"
EndProject
Project("{8BC9CEB8-8B4A-11D0-8D11-00A0C91BC942}") = "Model", "..\..\..\RenderEngine\Build\Model.vcproj", "{970CA8DD-E213-4776-95D0-E19D32712980}"
EndProject
Project("{8BC9CEB8-8B4A-11D0-8D11-00A0C91BC942}") = "RenderEngine", "..\..\..\RenderEngine\Build\RenderEngine.vcproj", "{FE4C9831-3A9F-4466-9C26-CC5EABB88AB1}"
EndProject
Project("{8BC9CEB8-8B4A-11D0-8D11-00A0C91BC942}") = "RenderSystemGLES2", "..\..\..\RenderEngine\Build\RenderSystemGLES2.vcproj", "{8E1B6979-FFEA-4C82-BAAD-8F15890CD2D2}"
EndProject
Project("{8BC9CEB8-8B4A-11D0-8D11-00A0C91BC942}") = "SceneManager2", "..\..\..\Client\SceneManager2\build\SceneManager2.vcproj", "{8D410557-72FD-4B12-B1CA-BCB88E6480B6}"
EndProject
Project("{2150E333-8FDC-42A3-9474-1A3956D46DE8}") = "Solution Items", "Solution Items", "{C57080F4-5F5F-45BC-AEA3-52B8BB360080}"
EndProject
Project("{8BC9CEB8-8B4A-11D0-8D11-00A0C91BC942}") = "ResourceManager", "..\..\..\Base\ResManager\Build\ResManager.vcproj", "{D844CD5E-62E5-4095-9470-619D7C8CFB37}"
EndProject
Project("{8BC9CEB8-8B4A-11D0-8D11-00A0C91BC942}") = "SchemeEngine", "..\..\..\Base\SchemeEngine\Build\SchemeEngine.vcproj", "{E9AAE810-DD1B-462F-98B2-5371F683AAAA}"
EndProject
Project("{8BC9CEB8-8B4A-11D0-8D11-00A0C91BC942}") = "LuaEngine", "..\..\..\Base\LuaEngine\Build\LuaEngine.vcproj", "{5875AF5F-7142-48F6-9DAC-41E13518C266}"
EndProject
Project("{8BC9CEB8-8B4A-11D0-8D11-00A0C91BC942}") = "MpkLib", "..\..\..\Base\MpkLib\Build\MpkLib.vcproj", "{E2E3BA44-C21C-4406-922A-435D8F7EAA6D}"
EndProject
Global
	GlobalSection(SolutionConfigurationPlatforms) = preSolution
		Debug|Win32 = Debug|Win32
		Release|Win32 = Release|Win32
		ReleaseDebug|Win32 = ReleaseDebug|Win32
		ReleaseDebugMT|Win32 = ReleaseDebugMT|Win32
		ReleaseDebugSE|Win32 = ReleaseDebugSE|Win32
		ReleaseDebugT|Win32 = ReleaseDebugT|Win32
	EndGlobalSection
	GlobalSection(ProjectConfigurationPlatforms) = postSolution
		{6F54894C-DAD2-4C68-BB13-44CBF2A0ED3D}.Debug|Win32.ActiveCfg = Debug|Win32
		{6F54894C-DAD2-4C68-BB13-44CBF2A0ED3D}.Debug|Win32.Build.0 = Debug|Win32
		{6F54894C-DAD2-4C68-BB13-44CBF2A0ED3D}.Release|Win32.ActiveCfg = Release|Win32
		{6F54894C-DAD2-4C68-BB13-44CBF2A0ED3D}.Release|Win32.Build.0 = Release|Win32
		{6F54894C-DAD2-4C68-BB13-44CBF2A0ED3D}.ReleaseDebug|Win32.ActiveCfg = Release|Win32
		{6F54894C-DAD2-4C68-BB13-44CBF2A0ED3D}.ReleaseDebug|Win32.Build.0 = Release|Win32
		{6F54894C-DAD2-4C68-BB13-44CBF2A0ED3D}.ReleaseDebugMT|Win32.ActiveCfg = Release|Win32
		{6F54894C-DAD2-4C68-BB13-44CBF2A0ED3D}.ReleaseDebugMT|Win32.Build.0 = Release|Win32
		{6F54894C-DAD2-4C68-BB13-44CBF2A0ED3D}.ReleaseDebugSE|Win32.ActiveCfg = Release|Win32
		{6F54894C-DAD2-4C68-BB13-44CBF2A0ED3D}.ReleaseDebugSE|Win32.Build.0 = Release|Win32
		{6F54894C-DAD2-4C68-BB13-44CBF2A0ED3D}.ReleaseDebugT|Win32.ActiveCfg = Release|Win32
		{6F54894C-DAD2-4C68-BB13-44CBF2A0ED3D}.ReleaseDebugT|Win32.Build.0 = Release|Win32
		{E9AAE810-DD1B-462F-98B2-5371F683C2A1}.Debug|Win32.ActiveCfg = Debug|Win32
		{E9AAE810-DD1B-462F-98B2-5371F683C2A1}.Debug|Win32.Build.0 = Debug|Win32
		{E9AAE810-DD1B-462F-98B2-5371F683C2A1}.Release|Win32.ActiveCfg = Release|Win32
		{E9AAE810-DD1B-462F-98B2-5371F683C2A1}.Release|Win32.Build.0 = Release|Win32
		{E9AAE810-DD1B-462F-98B2-5371F683C2A1}.ReleaseDebug|Win32.ActiveCfg = ReleaseDebug|Win32
		{E9AAE810-DD1B-462F-98B2-5371F683C2A1}.ReleaseDebug|Win32.Build.0 = ReleaseDebug|Win32
		{E9AAE810-DD1B-462F-98B2-5371F683C2A1}.ReleaseDebugMT|Win32.ActiveCfg = ReleaseDebugMT|Win32
		{E9AAE810-DD1B-462F-98B2-5371F683C2A1}.ReleaseDebugMT|Win32.Build.0 = ReleaseDebugMT|Win32
		{E9AAE810-DD1B-462F-98B2-5371F683C2A1}.ReleaseDebugSE|Win32.ActiveCfg = ReleaseDebugMT|Win32
		{E9AAE810-DD1B-462F-98B2-5371F683C2A1}.ReleaseDebugSE|Win32.Build.0 = ReleaseDebugMT|Win32
		{E9AAE810-DD1B-462F-98B2-5371F683C2A1}.ReleaseDebugT|Win32.ActiveCfg = ReleaseDebugT|Win32
		{E9AAE810-DD1B-462F-98B2-5371F683C2A1}.ReleaseDebugT|Win32.Build.0 = ReleaseDebugT|Win32
		{B91FA1AC-FB3E-4C46-BA50-CE369375C6B7}.Debug|Win32.ActiveCfg = Debug|Win32
		{B91FA1AC-FB3E-4C46-BA50-CE369375C6B7}.Debug|Win32.Build.0 = Debug|Win32
		{B91FA1AC-FB3E-4C46-BA50-CE369375C6B7}.Release|Win32.ActiveCfg = Release|Win32
		{B91FA1AC-FB3E-4C46-BA50-CE369375C6B7}.Release|Win32.Build.0 = Release|Win32
		{B91FA1AC-FB3E-4C46-BA50-CE369375C6B7}.ReleaseDebug|Win32.ActiveCfg = ReleaseDebug|Win32
		{B91FA1AC-FB3E-4C46-BA50-CE369375C6B7}.ReleaseDebug|Win32.Build.0 = ReleaseDebug|Win32
		{B91FA1AC-FB3E-4C46-BA50-CE369375C6B7}.ReleaseDebugMT|Win32.ActiveCfg = ReleaseDebugMT|Win32
		{B91FA1AC-FB3E-4C46-BA50-CE369375C6B7}.ReleaseDebugMT|Win32.Build.0 = ReleaseDebugMT|Win32
		{B91FA1AC-FB3E-4C46-BA50-CE369375C6B7}.ReleaseDebugSE|Win32.ActiveCfg = ReleaseDebugMT|Win32
		{B91FA1AC-FB3E-4C46-BA50-CE369375C6B7}.ReleaseDebugSE|Win32.Build.0 = ReleaseDebugMT|Win32
		{B91FA1AC-FB3E-4C46-BA50-CE369375C6B7}.ReleaseDebugT|Win32.ActiveCfg = ReleaseDebugMT|Win32
		{B91FA1AC-FB3E-4C46-BA50-CE369375C6B7}.ReleaseDebugT|Win32.Build.0 = ReleaseDebugMT|Win32
		{970CA8DD-E213-4776-95D0-E19D32712980}.Debug|Win32.ActiveCfg = Debug|Win32
		{970CA8DD-E213-4776-95D0-E19D32712980}.Debug|Win32.Build.0 = Debug|Win32
		{970CA8DD-E213-4776-95D0-E19D32712980}.Release|Win32.ActiveCfg = Release|Win32
		{970CA8DD-E213-4776-95D0-E19D32712980}.Release|Win32.Build.0 = Release|Win32
		{970CA8DD-E213-4776-95D0-E19D32712980}.ReleaseDebug|Win32.ActiveCfg = ReleaseDebug|Win32
		{970CA8DD-E213-4776-95D0-E19D32712980}.ReleaseDebug|Win32.Build.0 = ReleaseDebug|Win32
		{970CA8DD-E213-4776-95D0-E19D32712980}.ReleaseDebugMT|Win32.ActiveCfg = ReleaseDebugMT|Win32
		{970CA8DD-E213-4776-95D0-E19D32712980}.ReleaseDebugMT|Win32.Build.0 = ReleaseDebugMT|Win32
		{970CA8DD-E213-4776-95D0-E19D32712980}.ReleaseDebugSE|Win32.ActiveCfg = ReleaseDebugMT|Win32
		{970CA8DD-E213-4776-95D0-E19D32712980}.ReleaseDebugSE|Win32.Build.0 = ReleaseDebugMT|Win32
		{970CA8DD-E213-4776-95D0-E19D32712980}.ReleaseDebugT|Win32.ActiveCfg = ReleaseDebugMT|Win32
		{970CA8DD-E213-4776-95D0-E19D32712980}.ReleaseDebugT|Win32.Build.0 = ReleaseDebugMT|Win32
		{FE4C9831-3A9F-4466-9C26-CC5EABB88AB1}.Debug|Win32.ActiveCfg = Debug|Win32
		{FE4C9831-3A9F-4466-9C26-CC5EABB88AB1}.Debug|Win32.Build.0 = Debug|Win32
		{FE4C9831-3A9F-4466-9C26-CC5EABB88AB1}.Release|Win32.ActiveCfg = Release|Win32
		{FE4C9831-3A9F-4466-9C26-CC5EABB88AB1}.Release|Win32.Build.0 = Release|Win32
		{FE4C9831-3A9F-4466-9C26-CC5EABB88AB1}.ReleaseDebug|Win32.ActiveCfg = ReleaseDebug|Win32
		{FE4C9831-3A9F-4466-9C26-CC5EABB88AB1}.ReleaseDebug|Win32.Build.0 = ReleaseDebug|Win32
		{FE4C9831-3A9F-4466-9C26-CC5EABB88AB1}.ReleaseDebugMT|Win32.ActiveCfg = ReleaseDebugMT|Win32
		{FE4C9831-3A9F-4466-9C26-CC5EABB88AB1}.ReleaseDebugMT|Win32.Build.0 = ReleaseDebugMT|Win32
		{FE4C9831-3A9F-4466-9C26-CC5EABB88AB1}.ReleaseDebugSE|Win32.ActiveCfg = ReleaseDebugMT|Win32
		{FE4C9831-3A9F-4466-9C26-CC5EABB88AB1}.ReleaseDebugSE|Win32.Build.0 = ReleaseDebugMT|Win32
		{FE4C9831-3A9F-4466-9C26-CC5EABB88AB1}.ReleaseDebugT|Win32.ActiveCfg = ReleaseDebugMT|Win32
		{FE4C9831-3A9F-4466-9C26-CC5EABB88AB1}.ReleaseDebugT|Win32.Build.0 = ReleaseDebugMT|Win32
		{8E1B6979-FFEA-4C82-BAAD-8F15890CD2D2}.Debug|Win32.ActiveCfg = Debug|Win32
		{8E1B6979-FFEA-4C82-BAAD-8F15890CD2D2}.Debug|Win32.Build.0 = Debug|Win32
		{8E1B6979-FFEA-4C82-BAAD-8F15890CD2D2}.Release|Win32.ActiveCfg = Release|Win32
		{8E1B6979-FFEA-4C82-BAAD-8F15890CD2D2}.Release|Win32.Build.0 = Release|Win32
		{8E1B6979-FFEA-4C82-BAAD-8F15890CD2D2}.ReleaseDebug|Win32.ActiveCfg = ReleaseDebug|Win32
		{8E1B6979-FFEA-4C82-BAAD-8F15890CD2D2}.ReleaseDebug|Win32.Build.0 = ReleaseDebug|Win32
		{8E1B6979-FFEA-4C82-BAAD-8F15890CD2D2}.ReleaseDebugMT|Win32.ActiveCfg = ReleaseDebug|Win32
		{8E1B6979-FFEA-4C82-BAAD-8F15890CD2D2}.ReleaseDebugMT|Win32.Build.0 = ReleaseDebug|Win32
		{8E1B6979-FFEA-4C82-BAAD-8F15890CD2D2}.ReleaseDebugSE|Win32.ActiveCfg = ReleaseDebug|Win32
		{8E1B6979-FFEA-4C82-BAAD-8F15890CD2D2}.ReleaseDebugSE|Win32.Build.0 = ReleaseDebug|Win32
		{8E1B6979-FFEA-4C82-BAAD-8F15890CD2D2}.ReleaseDebugT|Win32.ActiveCfg = ReleaseDebug|Win32
		{8E1B6979-FFEA-4C82-BAAD-8F15890CD2D2}.ReleaseDebugT|Win32.Build.0 = ReleaseDebug|Win32
		{8D410557-72FD-4B12-B1CA-BCB88E6480B6}.Debug|Win32.ActiveCfg = Debug|Win32
		{8D410557-72FD-4B12-B1CA-BCB88E6480B6}.Debug|Win32.Build.0 = Debug|Win32
		{8D410557-72FD-4B12-B1CA-BCB88E6480B6}.Release|Win32.ActiveCfg = Release|Win32
		{8D410557-72FD-4B12-B1CA-BCB88E6480B6}.Release|Win32.Build.0 = Release|Win32
		{8D410557-72FD-4B12-B1CA-BCB88E6480B6}.ReleaseDebug|Win32.ActiveCfg = ReleaseDebug|Win32
		{8D410557-72FD-4B12-B1CA-BCB88E6480B6}.ReleaseDebug|Win32.Build.0 = ReleaseDebug|Win32
		{8D410557-72FD-4B12-B1CA-BCB88E6480B6}.ReleaseDebugMT|Win32.ActiveCfg = ReleaseDebugSE|Win32
		{8D410557-72FD-4B12-B1CA-BCB88E6480B6}.ReleaseDebugMT|Win32.Build.0 = ReleaseDebugSE|Win32
		{8D410557-72FD-4B12-B1CA-BCB88E6480B6}.ReleaseDebugSE|Win32.ActiveCfg = ReleaseDebugSE|Win32
		{8D410557-72FD-4B12-B1CA-BCB88E6480B6}.ReleaseDebugSE|Win32.Build.0 = ReleaseDebugSE|Win32
		{8D410557-72FD-4B12-B1CA-BCB88E6480B6}.ReleaseDebugT|Win32.ActiveCfg = ReleaseDebugSE|Win32
		{8D410557-72FD-4B12-B1CA-BCB88E6480B6}.ReleaseDebugT|Win32.Build.0 = ReleaseDebugSE|Win32
		{D844CD5E-62E5-4095-9470-619D7C8CFB37}.Debug|Win32.ActiveCfg = Debug|Win32
		{D844CD5E-62E5-4095-9470-619D7C8CFB37}.Debug|Win32.Build.0 = Debug|Win32
		{D844CD5E-62E5-4095-9470-619D7C8CFB37}.Release|Win32.ActiveCfg = Release|Win32
		{D844CD5E-62E5-4095-9470-619D7C8CFB37}.Release|Win32.Build.0 = Release|Win32
		{D844CD5E-62E5-4095-9470-619D7C8CFB37}.ReleaseDebug|Win32.ActiveCfg = ReleaseDebug|Win32
		{D844CD5E-62E5-4095-9470-619D7C8CFB37}.ReleaseDebug|Win32.Build.0 = ReleaseDebug|Win32
		{D844CD5E-62E5-4095-9470-619D7C8CFB37}.ReleaseDebugMT|Win32.ActiveCfg = ReleaseDebugT|Win32
		{D844CD5E-62E5-4095-9470-619D7C8CFB37}.ReleaseDebugMT|Win32.Build.0 = ReleaseDebugT|Win32
		{D844CD5E-62E5-4095-9470-619D7C8CFB37}.ReleaseDebugSE|Win32.ActiveCfg = ReleaseDebugT|Win32
		{D844CD5E-62E5-4095-9470-619D7C8CFB37}.ReleaseDebugSE|Win32.Build.0 = ReleaseDebugT|Win32
		{D844CD5E-62E5-4095-9470-619D7C8CFB37}.ReleaseDebugT|Win32.ActiveCfg = ReleaseDebugT|Win32
		{D844CD5E-62E5-4095-9470-619D7C8CFB37}.ReleaseDebugT|Win32.Build.0 = ReleaseDebugT|Win32
		{E9AAE810-DD1B-462F-98B2-5371F683AAAA}.Debug|Win32.ActiveCfg = Debug|Win32
		{E9AAE810-DD1B-462F-98B2-5371F683AAAA}.Debug|Win32.Build.0 = Debug|Win32
		{E9AAE810-DD1B-462F-98B2-5371F683AAAA}.Release|Win32.ActiveCfg = Release|Win32
		{E9AAE810-DD1B-462F-98B2-5371F683AAAA}.Release|Win32.Build.0 = Release|Win32
		{E9AAE810-DD1B-462F-98B2-5371F683AAAA}.ReleaseDebug|Win32.ActiveCfg = ReleaseDebug|Win32
		{E9AAE810-DD1B-462F-98B2-5371F683AAAA}.ReleaseDebug|Win32.Build.0 = ReleaseDebug|Win32
		{E9AAE810-DD1B-462F-98B2-5371F683AAAA}.ReleaseDebugMT|Win32.ActiveCfg = ReleaseDebugT|Win32
		{E9AAE810-DD1B-462F-98B2-5371F683AAAA}.ReleaseDebugMT|Win32.Build.0 = ReleaseDebugT|Win32
		{E9AAE810-DD1B-462F-98B2-5371F683AAAA}.ReleaseDebugSE|Win32.ActiveCfg = ReleaseDebugT|Win32
		{E9AAE810-DD1B-462F-98B2-5371F683AAAA}.ReleaseDebugSE|Win32.Build.0 = ReleaseDebugT|Win32
		{E9AAE810-DD1B-462F-98B2-5371F683AAAA}.ReleaseDebugT|Win32.ActiveCfg = ReleaseDebugT|Win32
		{E9AAE810-DD1B-462F-98B2-5371F683AAAA}.ReleaseDebugT|Win32.Build.0 = ReleaseDebugT|Win32
		{5875AF5F-7142-48F6-9DAC-41E13518C266}.Debug|Win32.ActiveCfg = Debug|Win32
		{5875AF5F-7142-48F6-9DAC-41E13518C266}.Debug|Win32.Build.0 = Debug|Win32
		{5875AF5F-7142-48F6-9DAC-41E13518C266}.Release|Win32.ActiveCfg = Release|Win32
		{5875AF5F-7142-48F6-9DAC-41E13518C266}.Release|Win32.Build.0 = Release|Win32
		{5875AF5F-7142-48F6-9DAC-41E13518C266}.ReleaseDebug|Win32.ActiveCfg = ReleaseDebug|Win32
		{5875AF5F-7142-48F6-9DAC-41E13518C266}.ReleaseDebug|Win32.Build.0 = ReleaseDebug|Win32
		{5875AF5F-7142-48F6-9DAC-41E13518C266}.ReleaseDebugMT|Win32.ActiveCfg = ReleaseDebugT|Win32
		{5875AF5F-7142-48F6-9DAC-41E13518C266}.ReleaseDebugMT|Win32.Build.0 = ReleaseDebugT|Win32
		{5875AF5F-7142-48F6-9DAC-41E13518C266}.ReleaseDebugSE|Win32.ActiveCfg = ReleaseDebugT|Win32
		{5875AF5F-7142-48F6-9DAC-41E13518C266}.ReleaseDebugSE|Win32.Build.0 = ReleaseDebugT|Win32
		{5875AF5F-7142-48F6-9DAC-41E13518C266}.ReleaseDebugT|Win32.ActiveCfg = ReleaseDebugT|Win32
		{5875AF5F-7142-48F6-9DAC-41E13518C266}.ReleaseDebugT|Win32.Build.0 = ReleaseDebugT|Win32
		{E2E3BA44-C21C-4406-922A-435D8F7EAA6D}.Debug|Win32.ActiveCfg = Debug|Win32
		{E2E3BA44-C21C-4406-922A-435D8F7EAA6D}.Debug|Win32.Build.0 = Debug|Win32
		{E2E3BA44-C21C-4406-922A-435D8F7EAA6D}.Release|Win32.ActiveCfg = Release|Win32
		{E2E3BA44-C21C-4406-922A-435D8F7EAA6D}.Release|Win32.Build.0 = Release|Win32
		{E2E3BA44-C21C-4406-922A-435D8F7EAA6D}.ReleaseDebug|Win32.ActiveCfg = ReleaseDebug|Win32
		{E2E3BA44-C21C-4406-922A-435D8F7EAA6D}.ReleaseDebug|Win32.Build.0 = ReleaseDebug|Win32
		{E2E3BA44-C21C-4406-922A-435D8F7EAA6D}.ReleaseDebugMT|Win32.ActiveCfg = ReleaseDebugMT|Win32
		{E2E3BA44-C21C-4406-922A-435D8F7EAA6D}.ReleaseDebugMT|Win32.Build.0 = ReleaseDebugMT|Win32
		{E2E3BA44-C21C-4406-922A-435D8F7EAA6D}.ReleaseDebugSE|Win32.ActiveCfg = ReleaseDebugMT|Win32
		{E2E3BA44-C21C-4406-922A-435D8F7EAA6D}.ReleaseDebugSE|Win32.Build.0 = ReleaseDebugMT|Win32
		{E2E3BA44-C21C-4406-922A-435D8F7EAA6D}.ReleaseDebugT|Win32.ActiveCfg = ReleaseDebugMT|Win32
		{E2E3BA44-C21C-4406-922A-435D8F7EAA6D}.ReleaseDebugT|Win32.Build.0 = ReleaseDebugMT|Win32
	EndGlobalSection
	GlobalSection(SolutionProperties) = preSolution
		HideSolutionNode = FALSE
	EndGlobalSection
EndGlobal
