// !$*UTF8*$!
{
	archiveVersion = 1;
	classes = {
	};
	objectVersion = 46;
	objects = {

/* Begin PBXBuildFile section */
		1880D62B18271A9A001FD16C /* libbase.a in Frameworks */ = {isa = PBXBuildFile; fileRef = 18810198182623AA002AF8D8 /* libbase.a */; };
		1880D7F218271B01001FD16C /* libmpk.a in Frameworks */ = {isa = PBXBuildFile; fileRef = 1880D7EF18271AFB001FD16C /* libmpk.a */; };
		1880D7FC18271B67001FD16C /* libRenderEngine.a in Frameworks */ = {isa = PBXBuildFile; fileRef = 1880D7F918271B5D001FD16C /* libRenderEngine.a */; };
		1881013D1824A892002AF8D8 /* Foundation.framework in Frameworks */ = {isa = PBXBuildFile; fileRef = 1881013C1824A892002AF8D8 /* Foundation.framework */; };
		1881013F1824A892002AF8D8 /* CoreGraphics.framework in Frameworks */ = {isa = PBXBuildFile; fileRef = 1881013E1824A892002AF8D8 /* CoreGraphics.framework */; };
		188101411824A892002AF8D8 /* UIKit.framework in Frameworks */ = {isa = PBXBuildFile; fileRef = 188101401824A892002AF8D8 /* UIKit.framework */; };
		188101471824A892002AF8D8 /* InfoPlist.strings in Resources */ = {isa = PBXBuildFile; fileRef = 188101451824A892002AF8D8 /* InfoPlist.strings */; };
		188101491824A892002AF8D8 /* main.m in Sources */ = {isa = PBXBuildFile; fileRef = 188101481824A892002AF8D8 /* main.m */; };
		1881014D1824A892002AF8D8 /* testAppDelegate.m in Sources */ = {isa = PBXBuildFile; fileRef = 1881014C1824A892002AF8D8 /* testAppDelegate.m */; };
		1881014F1824A892002AF8D8 /* Images.xcassets in Resources */ = {isa = PBXBuildFile; fileRef = 1881014E1824A892002AF8D8 /* Images.xcassets */; };
		188101561824A892002AF8D8 /* XCTest.framework in Frameworks */ = {isa = PBXBuildFile; fileRef = 188101551824A892002AF8D8 /* XCTest.framework */; };
		188101571824A892002AF8D8 /* Foundation.framework in Frameworks */ = {isa = PBXBuildFile; fileRef = 1881013C1824A892002AF8D8 /* Foundation.framework */; };
		188101581824A892002AF8D8 /* UIKit.framework in Frameworks */ = {isa = PBXBuildFile; fileRef = 188101401824A892002AF8D8 /* UIKit.framework */; };
		188101601824A892002AF8D8 /* InfoPlist.strings in Resources */ = {isa = PBXBuildFile; fileRef = 1881015E1824A892002AF8D8 /* InfoPlist.strings */; };
		188101621824A892002AF8D8 /* testTests.m in Sources */ = {isa = PBXBuildFile; fileRef = 188101611824A892002AF8D8 /* testTests.m */; };
		1881016F1824A91D002AF8D8 /* EAGLView.mm in Sources */ = {isa = PBXBuildFile; fileRef = 1881016C1824A91D002AF8D8 /* EAGLView.mm */; };
		188101701824A91D002AF8D8 /* ViewController.m in Sources */ = {isa = PBXBuildFile; fileRef = 1881016E1824A91D002AF8D8 /* ViewController.m */; };
		1881017B1825F5CE002AF8D8 /* libRenderSystemGLES2.a in Frameworks */ = {isa = PBXBuildFile; fileRef = 188101771824B19B002AF8D8 /* libRenderSystemGLES2.a */; };
		188101851825FB8E002AF8D8 /* libmath.a in Frameworks */ = {isa = PBXBuildFile; fileRef = 188101821825FB88002AF8D8 /* libmath.a */; };
		18C14DF8182E712D00BF6D69 /* QuartzCore.framework in Frameworks */ = {isa = PBXBuildFile; fileRef = 18C14DF7182E712D00BF6D69 /* QuartzCore.framework */; };
		18C14E0E182E714800BF6D69 /* OpenGLES.framework in Frameworks */ = {isa = PBXBuildFile; fileRef = 18C14E0D182E714800BF6D69 /* OpenGLES.framework */; };
		18EFA8F4182D342900A5A7B4 /* libluaengine.a in Frameworks */ = {isa = PBXBuildFile; fileRef = 18EFA8F1182D340C00A5A7B4 /* libluaengine.a */; };
		18EFA8F5182D342900A5A7B4 /* libschemengine.a in Frameworks */ = {isa = PBXBuildFile; fileRef = 18EFA8E8182D338F00A5A7B4 /* libschemengine.a */; };
		CD0406551835CFBD0039DC3F /* data in Resources */ = {isa = PBXBuildFile; fileRef = CD0406541835CFBD0039DC3F /* data */; };
		CDF861F6182A15010028C260 /* libmodel.a in Frameworks */ = {isa = PBXBuildFile; fileRef = CDF861F3182A14E70028C260 /* libmodel.a */; };
		CDF861FF182B2CB40028C260 /* app_wrap.cpp in Sources */ = {isa = PBXBuildFile; fileRef = CDF861FD182B2CB40028C260 /* app_wrap.cpp */; };
		CDF86284182CAFA70028C260 /* libresmanager.a in Frameworks */ = {isa = PBXBuildFile; fileRef = CDF86278182CAF870028C260 /* libresmanager.a */; };
		CDF86285182CAFA70028C260 /* libscenemanager2.a in Frameworks */ = {isa = PBXBuildFile; fileRef = CDF86281182CAF9E0028C260 /* libscenemanager2.a */; };
		CDF86287182CAFA70028C260 /* libsquish.a in Frameworks */ = {isa = PBXBuildFile; fileRef = CDF86286182CAFA70028C260 /* libsquish.a */; };
		CDF862AB182CC6A30028C260 /* GlobalClient.cpp in Sources */ = {isa = PBXBuildFile; fileRef = CDF862A9182CC6A30028C260 /* GlobalClient.cpp */; };
/* End PBXBuildFile section */

/* Begin PBXContainerItemProxy section */
		1880D7EE18271AFB001FD16C /* PBXContainerItemProxy */ = {
			isa = PBXContainerItemProxy;
			containerPortal = 1880D7E918271AFB001FD16C /* mpk.xcodeproj */;
			proxyType = 2;
			remoteGlobalIDString = 188101A4182623DB002AF8D8;
			remoteInfo = mpk;
		};
		1880D7F018271AFB001FD16C /* PBXContainerItemProxy */ = {
			isa = PBXContainerItemProxy;
			containerPortal = 1880D7E918271AFB001FD16C /* mpk.xcodeproj */;
			proxyType = 2;
			remoteGlobalIDString = 188101B4182623DB002AF8D8;
			remoteInfo = mpkTests;
		};
		1880D7F818271B5D001FD16C /* PBXContainerItemProxy */ = {
			isa = PBXContainerItemProxy;
			containerPortal = 1880D7F318271B5D001FD16C /* RenderEngine.xcodeproj */;
			proxyType = 2;
			remoteGlobalIDString = 181BC01A181CB08500786855;
			remoteInfo = RenderEngine;
		};
		1880D7FA18271B5D001FD16C /* PBXContainerItemProxy */ = {
			isa = PBXContainerItemProxy;
			containerPortal = 1880D7F318271B5D001FD16C /* RenderEngine.xcodeproj */;
			proxyType = 2;
			remoteGlobalIDString = 181BC02A181CB08500786855;
			remoteInfo = RenderEngineTests;
		};
		188101591824A892002AF8D8 /* PBXContainerItemProxy */ = {
			isa = PBXContainerItemProxy;
			containerPortal = 188101311824A892002AF8D8 /* Project object */;
			proxyType = 1;
			remoteGlobalIDString = 188101381824A892002AF8D8;
			remoteInfo = test;
		};
		188101761824B19B002AF8D8 /* PBXContainerItemProxy */ = {
			isa = PBXContainerItemProxy;
			containerPortal = 188101711824B19B002AF8D8 /* RenderSystemGLES2.xcodeproj */;
			proxyType = 2;
			remoteGlobalIDString = 181BC04C181CB0E200786855;
			remoteInfo = RenderSystemGLES2;
		};
		188101781824B19B002AF8D8 /* PBXContainerItemProxy */ = {
			isa = PBXContainerItemProxy;
			containerPortal = 188101711824B19B002AF8D8 /* RenderSystemGLES2.xcodeproj */;
			proxyType = 2;
			remoteGlobalIDString = 181BC05C181CB0E300786855;
			remoteInfo = RenderSystemGLES2Tests;
		};
		188101811825FB88002AF8D8 /* PBXContainerItemProxy */ = {
			isa = PBXContainerItemProxy;
			containerPortal = 1881017C1825FB87002AF8D8 /* math.xcodeproj */;
			proxyType = 2;
			remoteGlobalIDString = 18F8E1D8181CA52B00E96D41;
			remoteInfo = math;
		};
		188101831825FB88002AF8D8 /* PBXContainerItemProxy */ = {
			isa = PBXContainerItemProxy;
			containerPortal = 1881017C1825FB87002AF8D8 /* math.xcodeproj */;
			proxyType = 2;
			remoteGlobalIDString = 18F8E1E8181CA52B00E96D41;
			remoteInfo = mathTests;
		};
		18810197182623AA002AF8D8 /* PBXContainerItemProxy */ = {
			isa = PBXContainerItemProxy;
			containerPortal = 18810192182623AA002AF8D8 /* base.xcodeproj */;
			proxyType = 2;
			remoteGlobalIDString = 18F8E09E181C11B900E96D41;
			remoteInfo = base;
		};
		18810199182623AA002AF8D8 /* PBXContainerItemProxy */ = {
			isa = PBXContainerItemProxy;
			containerPortal = 18810192182623AA002AF8D8 /* base.xcodeproj */;
			proxyType = 2;
			remoteGlobalIDString = 18F8E0AE181C11B900E96D41;
			remoteInfo = baseTests;
		};
		18EFA8E7182D338F00A5A7B4 /* PBXContainerItemProxy */ = {
			isa = PBXContainerItemProxy;
			containerPortal = 18EFA8D2182D338F00A5A7B4 /* schemengine.xcodeproj */;
			proxyType = 2;
			remoteGlobalIDString = CDF86215182B78A80028C260;
			remoteInfo = schemengine;
		};
		18EFA8E9182D338F00A5A7B4 /* PBXContainerItemProxy */ = {
			isa = PBXContainerItemProxy;
			containerPortal = 18EFA8D2182D338F00A5A7B4 /* schemengine.xcodeproj */;
			proxyType = 2;
			remoteGlobalIDString = CDF86225182B78A80028C260;
			remoteInfo = schemengineTests;
		};
		18EFA8F0182D340C00A5A7B4 /* PBXContainerItemProxy */ = {
			isa = PBXContainerItemProxy;
			containerPortal = 18EFA8EB182D340C00A5A7B4 /* luaengine.xcodeproj */;
			proxyType = 2;
			remoteGlobalIDString = 18EFA8A4182D314800A5A7B4;
			remoteInfo = luaengine;
		};
		18EFA8F2182D340C00A5A7B4 /* PBXContainerItemProxy */ = {
			isa = PBXContainerItemProxy;
			containerPortal = 18EFA8EB182D340C00A5A7B4 /* luaengine.xcodeproj */;
			proxyType = 2;
			remoteGlobalIDString = 18EFA8B4182D314800A5A7B4;
			remoteInfo = luaengineTests;
		};
		CDF861F2182A14E70028C260 /* PBXContainerItemProxy */ = {
			isa = PBXContainerItemProxy;
			containerPortal = CDF861ED182A14E70028C260 /* model.xcodeproj */;
			proxyType = 2;
			remoteGlobalIDString = 18F8E185181C175C00E96D41;
			remoteInfo = model;
		};
		CDF861F4182A14E70028C260 /* PBXContainerItemProxy */ = {
			isa = PBXContainerItemProxy;
			containerPortal = CDF861ED182A14E70028C260 /* model.xcodeproj */;
			proxyType = 2;
			remoteGlobalIDString = 18F8E195181C175C00E96D41;
			remoteInfo = modelTests;
		};
		CDF86277182CAF870028C260 /* PBXContainerItemProxy */ = {
			isa = PBXContainerItemProxy;
			containerPortal = CDF86272182CAF870028C260 /* resmanager.xcodeproj */;
			proxyType = 2;
			remoteGlobalIDString = 1880D8D2182A760C001FD16C;
			remoteInfo = resmanager;
		};
		CDF86279182CAF870028C260 /* PBXContainerItemProxy */ = {
			isa = PBXContainerItemProxy;
			containerPortal = CDF86272182CAF870028C260 /* resmanager.xcodeproj */;
			proxyType = 2;
			remoteGlobalIDString = 1880D8E2182A760C001FD16C;
			remoteInfo = resmanagerTests;
		};
		CDF86280182CAF9E0028C260 /* PBXContainerItemProxy */ = {
			isa = PBXContainerItemProxy;
			containerPortal = CDF8627B182CAF9E0028C260 /* scenemanager2.xcodeproj */;
			proxyType = 2;
			remoteGlobalIDString = 1880D919182A887A001FD16C;
			remoteInfo = scenemanager2;
		};
		CDF86282182CAF9E0028C260 /* PBXContainerItemProxy */ = {
			isa = PBXContainerItemProxy;
			containerPortal = CDF8627B182CAF9E0028C260 /* scenemanager2.xcodeproj */;
			proxyType = 2;
			remoteGlobalIDString = 1880D929182A887A001FD16C;
			remoteInfo = scenemanager2Tests;
		};
/* End PBXContainerItemProxy section */

/* Begin PBXFileReference section */
		1880D7E918271AFB001FD16C /* mpk.xcodeproj */ = {isa = PBXFileReference; lastKnownFileType = "wrapper.pb-project"; name = mpk.xcodeproj; path = ../../Base/MpkLib/Build/mpk/mpk.xcodeproj; sourceTree = "<group>"; };
		1880D7F318271B5D001FD16C /* RenderEngine.xcodeproj */ = {isa = PBXFileReference; lastKnownFileType = "wrapper.pb-project"; name = RenderEngine.xcodeproj; path = ../../RenderEngine/Build/RenderEngine/RenderEngine.xcodeproj; sourceTree = "<group>"; };
		188101391824A892002AF8D8 /* test.app */ = {isa = PBXFileReference; explicitFileType = wrapper.application; includeInIndex = 0; path = test.app; sourceTree = BUILT_PRODUCTS_DIR; };
		1881013C1824A892002AF8D8 /* Foundation.framework */ = {isa = PBXFileReference; lastKnownFileType = wrapper.framework; name = Foundation.framework; path = System/Library/Frameworks/Foundation.framework; sourceTree = SDKROOT; };
		1881013E1824A892002AF8D8 /* CoreGraphics.framework */ = {isa = PBXFileReference; lastKnownFileType = wrapper.framework; name = CoreGraphics.framework; path = System/Library/Frameworks/CoreGraphics.framework; sourceTree = SDKROOT; };
		188101401824A892002AF8D8 /* UIKit.framework */ = {isa = PBXFileReference; lastKnownFileType = wrapper.framework; name = UIKit.framework; path = System/Library/Frameworks/UIKit.framework; sourceTree = SDKROOT; };
		188101441824A892002AF8D8 /* test-Info.plist */ = {isa = PBXFileReference; lastKnownFileType = text.plist.xml; path = "test-Info.plist"; sourceTree = "<group>"; };
		188101461824A892002AF8D8 /* en */ = {isa = PBXFileReference; lastKnownFileType = text.plist.strings; name = en; path = en.lproj/InfoPlist.strings; sourceTree = "<group>"; };
		188101481824A892002AF8D8 /* main.m */ = {isa = PBXFileReference; lastKnownFileType = sourcecode.c.objc; path = main.m; sourceTree = "<group>"; };
		1881014A1824A892002AF8D8 /* test-Prefix.pch */ = {isa = PBXFileReference; lastKnownFileType = sourcecode.c.h; path = "test-Prefix.pch"; sourceTree = "<group>"; };
		1881014B1824A892002AF8D8 /* testAppDelegate.h */ = {isa = PBXFileReference; lastKnownFileType = sourcecode.c.h; path = testAppDelegate.h; sourceTree = "<group>"; };
		1881014C1824A892002AF8D8 /* testAppDelegate.m */ = {isa = PBXFileReference; lastKnownFileType = sourcecode.c.objc; path = testAppDelegate.m; sourceTree = "<group>"; };
		1881014E1824A892002AF8D8 /* Images.xcassets */ = {isa = PBXFileReference; lastKnownFileType = folder.assetcatalog; path = Images.xcassets; sourceTree = "<group>"; };
		188101541824A892002AF8D8 /* testTests.xctest */ = {isa = PBXFileReference; explicitFileType = wrapper.cfbundle; includeInIndex = 0; path = testTests.xctest; sourceTree = BUILT_PRODUCTS_DIR; };
		188101551824A892002AF8D8 /* XCTest.framework */ = {isa = PBXFileReference; lastKnownFileType = wrapper.framework; name = XCTest.framework; path = Library/Frameworks/XCTest.framework; sourceTree = DEVELOPER_DIR; };
		1881015D1824A892002AF8D8 /* testTests-Info.plist */ = {isa = PBXFileReference; lastKnownFileType = text.plist.xml; path = "testTests-Info.plist"; sourceTree = "<group>"; };
		1881015F1824A892002AF8D8 /* en */ = {isa = PBXFileReference; lastKnownFileType = text.plist.strings; name = en; path = en.lproj/InfoPlist.strings; sourceTree = "<group>"; };
		188101611824A892002AF8D8 /* testTests.m */ = {isa = PBXFileReference; lastKnownFileType = sourcecode.c.objc; path = testTests.m; sourceTree = "<group>"; };
		1881016B1824A91D002AF8D8 /* EAGLView.h */ = {isa = PBXFileReference; fileEncoding = 4; lastKnownFileType = sourcecode.c.h; name = EAGLView.h; path = test/EAGLView.h; sourceTree = "<group>"; };
		1881016C1824A91D002AF8D8 /* EAGLView.mm */ = {isa = PBXFileReference; fileEncoding = 4; lastKnownFileType = sourcecode.cpp.objcpp; name = EAGLView.mm; path = test/EAGLView.mm; sourceTree = "<group>"; };
		1881016D1824A91D002AF8D8 /* ViewController.h */ = {isa = PBXFileReference; fileEncoding = 4; lastKnownFileType = sourcecode.c.h; name = ViewController.h; path = test/ViewController.h; sourceTree = "<group>"; };
		1881016E1824A91D002AF8D8 /* ViewController.m */ = {isa = PBXFileReference; fileEncoding = 4; lastKnownFileType = sourcecode.c.objc; name = ViewController.m; path = test/ViewController.m; sourceTree = "<group>"; };
		188101711824B19B002AF8D8 /* RenderSystemGLES2.xcodeproj */ = {isa = PBXFileReference; lastKnownFileType = "wrapper.pb-project"; name = RenderSystemGLES2.xcodeproj; path = ../../RenderEngine/Build/RenderSystemGLES2/RenderSystemGLES2.xcodeproj; sourceTree = "<group>"; };
		1881017C1825FB87002AF8D8 /* math.xcodeproj */ = {isa = PBXFileReference; lastKnownFileType = "wrapper.pb-project"; name = math.xcodeproj; path = ../../RenderEngine/Build/math/math.xcodeproj; sourceTree = "<group>"; };
		18810192182623AA002AF8D8 /* base.xcodeproj */ = {isa = PBXFileReference; lastKnownFileType = "wrapper.pb-project"; name = base.xcodeproj; path = ../../Base/Base/Build/base/base.xcodeproj; sourceTree = "<group>"; };
		18C14DF7182E712D00BF6D69 /* QuartzCore.framework */ = {isa = PBXFileReference; lastKnownFileType = wrapper.framework; name = QuartzCore.framework; path = System/Library/Frameworks/QuartzCore.framework; sourceTree = SDKROOT; };
		18C14E0D182E714800BF6D69 /* OpenGLES.framework */ = {isa = PBXFileReference; lastKnownFileType = wrapper.framework; name = OpenGLES.framework; path = System/Library/Frameworks/OpenGLES.framework; sourceTree = SDKROOT; };
		18EFA8D2182D338F00A5A7B4 /* schemengine.xcodeproj */ = {isa = PBXFileReference; lastKnownFileType = "wrapper.pb-project"; name = schemengine.xcodeproj; path = ../../Base/SchemeEngine/Build/schemengine/schemengine.xcodeproj; sourceTree = "<group>"; };
		18EFA8EB182D340C00A5A7B4 /* luaengine.xcodeproj */ = {isa = PBXFileReference; lastKnownFileType = "wrapper.pb-project"; name = luaengine.xcodeproj; path = ../../Base/LuaEngine/Build/luaengine/luaengine.xcodeproj; sourceTree = "<group>"; };
		CD0406541835CFBD0039DC3F /* data */ = {isa = PBXFileReference; lastKnownFileType = folder; name = data; path = ../../../bin/data; sourceTree = "<group>"; };
		CDF861ED182A14E70028C260 /* model.xcodeproj */ = {isa = PBXFileReference; lastKnownFileType = "wrapper.pb-project"; name = model.xcodeproj; path = ../../RenderEngine/Build/model/model.xcodeproj; sourceTree = "<group>"; };
		CDF861FD182B2CB40028C260 /* app_wrap.cpp */ = {isa = PBXFileReference; fileEncoding = 2147486000; lastKnownFileType = sourcecode.cpp.cpp; path = app_wrap.cpp; sourceTree = SOURCE_ROOT; };
		CDF861FE182B2CB40028C260 /* app_wrap.h */ = {isa = PBXFileReference; fileEncoding = 4; lastKnownFileType = sourcecode.c.h; path = app_wrap.h; sourceTree = SOURCE_ROOT; };
		CDF86272182CAF870028C260 /* resmanager.xcodeproj */ = {isa = PBXFileReference; lastKnownFileType = "wrapper.pb-project"; name = resmanager.xcodeproj; path = ../../Base/ResManager/Build/resmanager/resmanager.xcodeproj; sourceTree = "<group>"; };
		CDF8627B182CAF9E0028C260 /* scenemanager2.xcodeproj */ = {isa = PBXFileReference; lastKnownFileType = "wrapper.pb-project"; name = scenemanager2.xcodeproj; path = ../../Client/SceneManager2/build/scenemanager2/scenemanager2.xcodeproj; sourceTree = "<group>"; };
		CDF86286182CAFA70028C260 /* libsquish.a */ = {isa = PBXFileReference; lastKnownFileType = archive.ar; name = libsquish.a; path = "../../Dependence/squish/squish/build/Debug-iphoneos/libsquish.a"; sourceTree = "<group>"; };
		CDF862A9182CC6A30028C260 /* GlobalClient.cpp */ = {isa = PBXFileReference; fileEncoding = 4; lastKnownFileType = sourcecode.cpp.cpp; path = GlobalClient.cpp; sourceTree = SOURCE_ROOT; };
		CDF862AA182CC6A30028C260 /* GlobalClient.h */ = {isa = PBXFileReference; fileEncoding = 4; lastKnownFileType = sourcecode.c.h; path = GlobalClient.h; sourceTree = SOURCE_ROOT; };
/* End PBXFileReference section */

/* Begin PBXFrameworksBuildPhase section */
		188101361824A892002AF8D8 /* Frameworks */ = {
			isa = PBXFrameworksBuildPhase;
			buildActionMask = 2147483647;
			files = (
				18EFA8F4182D342900A5A7B4 /* libluaengine.a in Frameworks */,
				18EFA8F5182D342900A5A7B4 /* libschemengine.a in Frameworks */,
				CDF86287182CAFA70028C260 /* libsquish.a in Frameworks */,
				CDF86284182CAFA70028C260 /* libresmanager.a in Frameworks */,
				CDF86285182CAFA70028C260 /* libscenemanager2.a in Frameworks */,
				CDF861F6182A15010028C260 /* libmodel.a in Frameworks */,
				1880D7FC18271B67001FD16C /* libRenderEngine.a in Frameworks */,
				1880D7F218271B01001FD16C /* libmpk.a in Frameworks */,
				1880D62B18271A9A001FD16C /* libbase.a in Frameworks */,
				188101851825FB8E002AF8D8 /* libmath.a in Frameworks */,
				1881017B1825F5CE002AF8D8 /* libRenderSystemGLES2.a in Frameworks */,
				18C14DF8182E712D00BF6D69 /* QuartzCore.framework in Frameworks */,
				18C14E0E182E714800BF6D69 /* OpenGLES.framework in Frameworks */,
				1881013F1824A892002AF8D8 /* CoreGraphics.framework in Frameworks */,
				188101411824A892002AF8D8 /* UIKit.framework in Frameworks */,
				1881013D1824A892002AF8D8 /* Foundation.framework in Frameworks */,
			);
			runOnlyForDeploymentPostprocessing = 0;
		};
		188101511824A892002AF8D8 /* Frameworks */ = {
			isa = PBXFrameworksBuildPhase;
			buildActionMask = 2147483647;
			files = (
				188101561824A892002AF8D8 /* XCTest.framework in Frameworks */,
				188101581824A892002AF8D8 /* UIKit.framework in Frameworks */,
				188101571824A892002AF8D8 /* Foundation.framework in Frameworks */,
			);
			runOnlyForDeploymentPostprocessing = 0;
		};
/* End PBXFrameworksBuildPhase section */

/* Begin PBXGroup section */
		1880D7EA18271AFB001FD16C /* Products */ = {
			isa = PBXGroup;
			children = (
				1880D7EF18271AFB001FD16C /* libmpk.a */,
				1880D7F118271AFB001FD16C /* mpkTests.xctest */,
			);
			name = Products;
			sourceTree = "<group>";
		};
		1880D7F418271B5D001FD16C /* Products */ = {
			isa = PBXGroup;
			children = (
				1880D7F918271B5D001FD16C /* libRenderEngine.a */,
				1880D7FB18271B5D001FD16C /* RenderEngineTests.xctest */,
			);
			name = Products;
			sourceTree = "<group>";
		};
		188101301824A892002AF8D8 = {
			isa = PBXGroup;
			children = (
				CD0406541835CFBD0039DC3F /* data */,
				18EFA8EB182D340C00A5A7B4 /* luaengine.xcodeproj */,
				18EFA8D2182D338F00A5A7B4 /* schemengine.xcodeproj */,
				CDF8627B182CAF9E0028C260 /* scenemanager2.xcodeproj */,
				CDF86272182CAF870028C260 /* resmanager.xcodeproj */,
				CDF861ED182A14E70028C260 /* model.xcodeproj */,
				1880D7F318271B5D001FD16C /* RenderEngine.xcodeproj */,
				1880D7E918271AFB001FD16C /* mpk.xcodeproj */,
				18810192182623AA002AF8D8 /* base.xcodeproj */,
				1881017C1825FB87002AF8D8 /* math.xcodeproj */,
				188101711824B19B002AF8D8 /* RenderSystemGLES2.xcodeproj */,
				1881016B1824A91D002AF8D8 /* EAGLView.h */,
				1881016C1824A91D002AF8D8 /* EAGLView.mm */,
				1881016D1824A91D002AF8D8 /* ViewController.h */,
				1881016E1824A91D002AF8D8 /* ViewController.m */,
				188101421824A892002AF8D8 /* test */,
				1881015B1824A892002AF8D8 /* testTests */,
				1881013B1824A892002AF8D8 /* Frameworks */,
				1881013A1824A892002AF8D8 /* Products */,
			);
			sourceTree = "<group>";
		};
		1881013A1824A892002AF8D8 /* Products */ = {
			isa = PBXGroup;
			children = (
				188101391824A892002AF8D8 /* test.app */,
				188101541824A892002AF8D8 /* testTests.xctest */,
			);
			name = Products;
			sourceTree = "<group>";
		};
		1881013B1824A892002AF8D8 /* Frameworks */ = {
			isa = PBXGroup;
			children = (
				18C14E0D182E714800BF6D69 /* OpenGLES.framework */,
				18C14DF7182E712D00BF6D69 /* QuartzCore.framework */,
				CDF86286182CAFA70028C260 /* libsquish.a */,
				1881013C1824A892002AF8D8 /* Foundation.framework */,
				1881013E1824A892002AF8D8 /* CoreGraphics.framework */,
				188101401824A892002AF8D8 /* UIKit.framework */,
				188101551824A892002AF8D8 /* XCTest.framework */,
			);
			name = Frameworks;
			sourceTree = "<group>";
		};
		188101421824A892002AF8D8 /* test */ = {
			isa = PBXGroup;
			children = (
				CDF862A9182CC6A30028C260 /* GlobalClient.cpp */,
				CDF862AA182CC6A30028C260 /* GlobalClient.h */,
				CDF861FD182B2CB40028C260 /* app_wrap.cpp */,
				CDF861FE182B2CB40028C260 /* app_wrap.h */,
				1881014B1824A892002AF8D8 /* testAppDelegate.h */,
				1881014C1824A892002AF8D8 /* testAppDelegate.m */,
				1881014E1824A892002AF8D8 /* Images.xcassets */,
				188101431824A892002AF8D8 /* Supporting Files */,
			);
			path = test;
			sourceTree = "<group>";
		};
		188101431824A892002AF8D8 /* Supporting Files */ = {
			isa = PBXGroup;
			children = (
				188101441824A892002AF8D8 /* test-Info.plist */,
				188101451824A892002AF8D8 /* InfoPlist.strings */,
				188101481824A892002AF8D8 /* main.m */,
				1881014A1824A892002AF8D8 /* test-Prefix.pch */,
			);
			name = "Supporting Files";
			sourceTree = "<group>";
		};
		1881015B1824A892002AF8D8 /* testTests */ = {
			isa = PBXGroup;
			children = (
				188101611824A892002AF8D8 /* testTests.m */,
				1881015C1824A892002AF8D8 /* Supporting Files */,
			);
			path = testTests;
			sourceTree = "<group>";
		};
		1881015C1824A892002AF8D8 /* Supporting Files */ = {
			isa = PBXGroup;
			children = (
				1881015D1824A892002AF8D8 /* testTests-Info.plist */,
				1881015E1824A892002AF8D8 /* InfoPlist.strings */,
			);
			name = "Supporting Files";
			sourceTree = "<group>";
		};
		188101721824B19B002AF8D8 /* Products */ = {
			isa = PBXGroup;
			children = (
				188101771824B19B002AF8D8 /* libRenderSystemGLES2.a */,
				188101791824B19B002AF8D8 /* RenderSystemGLES2Tests.xctest */,
			);
			name = Products;
			sourceTree = "<group>";
		};
		1881017D1825FB87002AF8D8 /* Products */ = {
			isa = PBXGroup;
			children = (
				188101821825FB88002AF8D8 /* libmath.a */,
				188101841825FB88002AF8D8 /* mathTests.xctest */,
			);
			name = Products;
			sourceTree = "<group>";
		};
		18810193182623AA002AF8D8 /* Products */ = {
			isa = PBXGroup;
			children = (
				18810198182623AA002AF8D8 /* libbase.a */,
				1881019A182623AA002AF8D8 /* baseTests.xctest */,
			);
			name = Products;
			sourceTree = "<group>";
		};
		18EFA8D3182D338F00A5A7B4 /* Products */ = {
			isa = PBXGroup;
			children = (
				18EFA8E8182D338F00A5A7B4 /* libschemengine.a */,
				18EFA8EA182D338F00A5A7B4 /* schemengineTests.xctest */,
			);
			name = Products;
			sourceTree = "<group>";
		};
		18EFA8EC182D340C00A5A7B4 /* Products */ = {
			isa = PBXGroup;
			children = (
				18EFA8F1182D340C00A5A7B4 /* libluaengine.a */,
				18EFA8F3182D340C00A5A7B4 /* luaengineTests.xctest */,
			);
			name = Products;
			sourceTree = "<group>";
		};
		CDF861EE182A14E70028C260 /* Products */ = {
			isa = PBXGroup;
			children = (
				CDF861F3182A14E70028C260 /* libmodel.a */,
				CDF861F5182A14E70028C260 /* modelTests.xctest */,
			);
			name = Products;
			sourceTree = "<group>";
		};
		CDF86273182CAF870028C260 /* Products */ = {
			isa = PBXGroup;
			children = (
				CDF86278182CAF870028C260 /* libresmanager.a */,
				CDF8627A182CAF870028C260 /* resmanagerTests.xctest */,
			);
			name = Products;
			sourceTree = "<group>";
		};
		CDF8627C182CAF9E0028C260 /* Products */ = {
			isa = PBXGroup;
			children = (
				CDF86281182CAF9E0028C260 /* libscenemanager2.a */,
				CDF86283182CAF9E0028C260 /* scenemanager2Tests.xctest */,
			);
			name = Products;
			sourceTree = "<group>";
		};
/* End PBXGroup section */

/* Begin PBXNativeTarget section */
		188101381824A892002AF8D8 /* test */ = {
			isa = PBXNativeTarget;
			buildConfigurationList = 188101651824A892002AF8D8 /* Build configuration list for PBXNativeTarget "test" */;
			buildPhases = (
				188101351824A892002AF8D8 /* Sources */,
				188101361824A892002AF8D8 /* Frameworks */,
				188101371824A892002AF8D8 /* Resources */,
			);
			buildRules = (
			);
			dependencies = (
			);
			name = test;
			productName = test;
			productReference = 188101391824A892002AF8D8 /* test.app */;
			productType = "com.apple.product-type.application";
		};
		188101531824A892002AF8D8 /* testTests */ = {
			isa = PBXNativeTarget;
			buildConfigurationList = 188101681824A892002AF8D8 /* Build configuration list for PBXNativeTarget "testTests" */;
			buildPhases = (
				188101501824A892002AF8D8 /* Sources */,
				188101511824A892002AF8D8 /* Frameworks */,
				188101521824A892002AF8D8 /* Resources */,
			);
			buildRules = (
			);
			dependencies = (
				1881015A1824A892002AF8D8 /* PBXTargetDependency */,
			);
			name = testTests;
			productName = testTests;
			productReference = 188101541824A892002AF8D8 /* testTests.xctest */;
			productType = "com.apple.product-type.bundle.unit-test";
		};
/* End PBXNativeTarget section */

/* Begin PBXProject section */
		188101311824A892002AF8D8 /* Project object */ = {
			isa = PBXProject;
			attributes = {
				CLASSPREFIX = test;
				LastUpgradeCheck = 0500;
				ORGANIZATIONNAME = "陈 波";
				TargetAttributes = {
					188101381824A892002AF8D8 = {
						DevelopmentTeam = JNZE3P5J7G;
					};
					188101531824A892002AF8D8 = {
						TestTargetID = 188101381824A892002AF8D8;
					};
				};
			};
			buildConfigurationList = 188101341824A892002AF8D8 /* Build configuration list for PBXProject "test" */;
			compatibilityVersion = "Xcode 3.2";
			developmentRegion = English;
			hasScannedForEncodings = 0;
			knownRegions = (
				en,
			);
			mainGroup = 188101301824A892002AF8D8;
			productRefGroup = 1881013A1824A892002AF8D8 /* Products */;
			projectDirPath = "";
			projectReferences = (
				{
					ProductGroup = 18810193182623AA002AF8D8 /* Products */;
					ProjectRef = 18810192182623AA002AF8D8 /* base.xcodeproj */;
				},
				{
					ProductGroup = 18EFA8EC182D340C00A5A7B4 /* Products */;
					ProjectRef = 18EFA8EB182D340C00A5A7B4 /* luaengine.xcodeproj */;
				},
				{
					ProductGroup = 1881017D1825FB87002AF8D8 /* Products */;
					ProjectRef = 1881017C1825FB87002AF8D8 /* math.xcodeproj */;
				},
				{
					ProductGroup = CDF861EE182A14E70028C260 /* Products */;
					ProjectRef = CDF861ED182A14E70028C260 /* model.xcodeproj */;
				},
				{
					ProductGroup = 1880D7EA18271AFB001FD16C /* Products */;
					ProjectRef = 1880D7E918271AFB001FD16C /* mpk.xcodeproj */;
				},
				{
					ProductGroup = 1880D7F418271B5D001FD16C /* Products */;
					ProjectRef = 1880D7F318271B5D001FD16C /* RenderEngine.xcodeproj */;
				},
				{
					ProductGroup = 188101721824B19B002AF8D8 /* Products */;
					ProjectRef = 188101711824B19B002AF8D8 /* RenderSystemGLES2.xcodeproj */;
				},
				{
					ProductGroup = CDF86273182CAF870028C260 /* Products */;
					ProjectRef = CDF86272182CAF870028C260 /* resmanager.xcodeproj */;
				},
				{
					ProductGroup = CDF8627C182CAF9E0028C260 /* Products */;
					ProjectRef = CDF8627B182CAF9E0028C260 /* scenemanager2.xcodeproj */;
				},
				{
					ProductGroup = 18EFA8D3182D338F00A5A7B4 /* Products */;
					ProjectRef = 18EFA8D2182D338F00A5A7B4 /* schemengine.xcodeproj */;
				},
			);
			projectRoot = "";
			targets = (
				188101381824A892002AF8D8 /* test */,
				188101531824A892002AF8D8 /* testTests */,
			);
		};
/* End PBXProject section */

/* Begin PBXReferenceProxy section */
		1880D7EF18271AFB001FD16C /* libmpk.a */ = {
			isa = PBXReferenceProxy;
			fileType = archive.ar;
			path = libmpk.a;
			remoteRef = 1880D7EE18271AFB001FD16C /* PBXContainerItemProxy */;
			sourceTree = BUILT_PRODUCTS_DIR;
		};
		1880D7F118271AFB001FD16C /* mpkTests.xctest */ = {
			isa = PBXReferenceProxy;
			fileType = wrapper.cfbundle;
			path = mpkTests.xctest;
			remoteRef = 1880D7F018271AFB001FD16C /* PBXContainerItemProxy */;
			sourceTree = BUILT_PRODUCTS_DIR;
		};
		1880D7F918271B5D001FD16C /* libRenderEngine.a */ = {
			isa = PBXReferenceProxy;
			fileType = archive.ar;
			path = libRenderEngine.a;
			remoteRef = 1880D7F818271B5D001FD16C /* PBXContainerItemProxy */;
			sourceTree = BUILT_PRODUCTS_DIR;
		};
		1880D7FB18271B5D001FD16C /* RenderEngineTests.xctest */ = {
			isa = PBXReferenceProxy;
			fileType = wrapper.cfbundle;
			path = RenderEngineTests.xctest;
			remoteRef = 1880D7FA18271B5D001FD16C /* PBXContainerItemProxy */;
			sourceTree = BUILT_PRODUCTS_DIR;
		};
		188101771824B19B002AF8D8 /* libRenderSystemGLES2.a */ = {
			isa = PBXReferenceProxy;
			fileType = archive.ar;
			path = libRenderSystemGLES2.a;
			remoteRef = 188101761824B19B002AF8D8 /* PBXContainerItemProxy */;
			sourceTree = BUILT_PRODUCTS_DIR;
		};
		188101791824B19B002AF8D8 /* RenderSystemGLES2Tests.xctest */ = {
			isa = PBXReferenceProxy;
			fileType = wrapper.cfbundle;
			path = RenderSystemGLES2Tests.xctest;
			remoteRef = 188101781824B19B002AF8D8 /* PBXContainerItemProxy */;
			sourceTree = BUILT_PRODUCTS_DIR;
		};
		188101821825FB88002AF8D8 /* libmath.a */ = {
			isa = PBXReferenceProxy;
			fileType = archive.ar;
			path = libmath.a;
			remoteRef = 188101811825FB88002AF8D8 /* PBXContainerItemProxy */;
			sourceTree = BUILT_PRODUCTS_DIR;
		};
		188101841825FB88002AF8D8 /* mathTests.xctest */ = {
			isa = PBXReferenceProxy;
			fileType = wrapper.cfbundle;
			path = mathTests.xctest;
			remoteRef = 188101831825FB88002AF8D8 /* PBXContainerItemProxy */;
			sourceTree = BUILT_PRODUCTS_DIR;
		};
		18810198182623AA002AF8D8 /* libbase.a */ = {
			isa = PBXReferenceProxy;
			fileType = archive.ar;
			path = libbase.a;
			remoteRef = 18810197182623AA002AF8D8 /* PBXContainerItemProxy */;
			sourceTree = BUILT_PRODUCTS_DIR;
		};
		1881019A182623AA002AF8D8 /* baseTests.xctest */ = {
			isa = PBXReferenceProxy;
			fileType = wrapper.cfbundle;
			path = baseTests.xctest;
			remoteRef = 18810199182623AA002AF8D8 /* PBXContainerItemProxy */;
			sourceTree = BUILT_PRODUCTS_DIR;
		};
		18EFA8E8182D338F00A5A7B4 /* libschemengine.a */ = {
			isa = PBXReferenceProxy;
			fileType = archive.ar;
			path = libschemengine.a;
			remoteRef = 18EFA8E7182D338F00A5A7B4 /* PBXContainerItemProxy */;
			sourceTree = BUILT_PRODUCTS_DIR;
		};
		18EFA8EA182D338F00A5A7B4 /* schemengineTests.xctest */ = {
			isa = PBXReferenceProxy;
			fileType = wrapper.cfbundle;
			path = schemengineTests.xctest;
			remoteRef = 18EFA8E9182D338F00A5A7B4 /* PBXContainerItemProxy */;
			sourceTree = BUILT_PRODUCTS_DIR;
		};
		18EFA8F1182D340C00A5A7B4 /* libluaengine.a */ = {
			isa = PBXReferenceProxy;
			fileType = archive.ar;
			path = libluaengine.a;
			remoteRef = 18EFA8F0182D340C00A5A7B4 /* PBXContainerItemProxy */;
			sourceTree = BUILT_PRODUCTS_DIR;
		};
		18EFA8F3182D340C00A5A7B4 /* luaengineTests.xctest */ = {
			isa = PBXReferenceProxy;
			fileType = wrapper.cfbundle;
			path = luaengineTests.xctest;
			remoteRef = 18EFA8F2182D340C00A5A7B4 /* PBXContainerItemProxy */;
			sourceTree = BUILT_PRODUCTS_DIR;
		};
		CDF861F3182A14E70028C260 /* libmodel.a */ = {
			isa = PBXReferenceProxy;
			fileType = archive.ar;
			path = libmodel.a;
			remoteRef = CDF861F2182A14E70028C260 /* PBXContainerItemProxy */;
			sourceTree = BUILT_PRODUCTS_DIR;
		};
		CDF861F5182A14E70028C260 /* modelTests.xctest */ = {
			isa = PBXReferenceProxy;
			fileType = wrapper.cfbundle;
			path = modelTests.xctest;
			remoteRef = CDF861F4182A14E70028C260 /* PBXContainerItemProxy */;
			sourceTree = BUILT_PRODUCTS_DIR;
		};
		CDF86278182CAF870028C260 /* libresmanager.a */ = {
			isa = PBXReferenceProxy;
			fileType = archive.ar;
			path = libresmanager.a;
			remoteRef = CDF86277182CAF870028C260 /* PBXContainerItemProxy */;
			sourceTree = BUILT_PRODUCTS_DIR;
		};
		CDF8627A182CAF870028C260 /* resmanagerTests.xctest */ = {
			isa = PBXReferenceProxy;
			fileType = wrapper.cfbundle;
			path = resmanagerTests.xctest;
			remoteRef = CDF86279182CAF870028C260 /* PBXContainerItemProxy */;
			sourceTree = BUILT_PRODUCTS_DIR;
		};
		CDF86281182CAF9E0028C260 /* libscenemanager2.a */ = {
			isa = PBXReferenceProxy;
			fileType = archive.ar;
			path = libscenemanager2.a;
			remoteRef = CDF86280182CAF9E0028C260 /* PBXContainerItemProxy */;
			sourceTree = BUILT_PRODUCTS_DIR;
		};
		CDF86283182CAF9E0028C260 /* scenemanager2Tests.xctest */ = {
			isa = PBXReferenceProxy;
			fileType = wrapper.cfbundle;
			path = scenemanager2Tests.xctest;
			remoteRef = CDF86282182CAF9E0028C260 /* PBXContainerItemProxy */;
			sourceTree = BUILT_PRODUCTS_DIR;
		};
/* End PBXReferenceProxy section */

/* Begin PBXResourcesBuildPhase section */
		188101371824A892002AF8D8 /* Resources */ = {
			isa = PBXResourcesBuildPhase;
			buildActionMask = 2147483647;
			files = (
				188101471824A892002AF8D8 /* InfoPlist.strings in Resources */,
				CD0406551835CFBD0039DC3F /* data in Resources */,
				1881014F1824A892002AF8D8 /* Images.xcassets in Resources */,
			);
			runOnlyForDeploymentPostprocessing = 0;
		};
		188101521824A892002AF8D8 /* Resources */ = {
			isa = PBXResourcesBuildPhase;
			buildActionMask = 2147483647;
			files = (
				188101601824A892002AF8D8 /* InfoPlist.strings in Resources */,
			);
			runOnlyForDeploymentPostprocessing = 0;
		};
/* End PBXResourcesBuildPhase section */

/* Begin PBXSourcesBuildPhase section */
		188101351824A892002AF8D8 /* Sources */ = {
			isa = PBXSourcesBuildPhase;
			buildActionMask = 2147483647;
			files = (
				1881016F1824A91D002AF8D8 /* EAGLView.mm in Sources */,
				CDF861FF182B2CB40028C260 /* app_wrap.cpp in Sources */,
				1881014D1824A892002AF8D8 /* testAppDelegate.m in Sources */,
				188101701824A91D002AF8D8 /* ViewController.m in Sources */,
				188101491824A892002AF8D8 /* main.m in Sources */,
				CDF862AB182CC6A30028C260 /* GlobalClient.cpp in Sources */,
			);
			runOnlyForDeploymentPostprocessing = 0;
		};
		188101501824A892002AF8D8 /* Sources */ = {
			isa = PBXSourcesBuildPhase;
			buildActionMask = 2147483647;
			files = (
				188101621824A892002AF8D8 /* testTests.m in Sources */,
			);
			runOnlyForDeploymentPostprocessing = 0;
		};
/* End PBXSourcesBuildPhase section */

/* Begin PBXTargetDependency section */
		1881015A1824A892002AF8D8 /* PBXTargetDependency */ = {
			isa = PBXTargetDependency;
			target = 188101381824A892002AF8D8 /* test */;
			targetProxy = 188101591824A892002AF8D8 /* PBXContainerItemProxy */;
		};
/* End PBXTargetDependency section */

/* Begin PBXVariantGroup section */
		188101451824A892002AF8D8 /* InfoPlist.strings */ = {
			isa = PBXVariantGroup;
			children = (
				188101461824A892002AF8D8 /* en */,
			);
			name = InfoPlist.strings;
			sourceTree = "<group>";
		};
		1881015E1824A892002AF8D8 /* InfoPlist.strings */ = {
			isa = PBXVariantGroup;
			children = (
				1881015F1824A892002AF8D8 /* en */,
			);
			name = InfoPlist.strings;
			sourceTree = "<group>";
		};
/* End PBXVariantGroup section */

/* Begin XCBuildConfiguration section */
		188101631824A892002AF8D8 /* Debug */ = {
			isa = XCBuildConfiguration;
			buildSettings = {
				ALWAYS_SEARCH_USER_PATHS = NO;
				ARCHS = "$(ARCHS_STANDARD_INCLUDING_64_BIT)";
				CLANG_CXX_LANGUAGE_STANDARD = "gnu++0x";
				CLANG_CXX_LIBRARY = "libc++";
				CLANG_ENABLE_MODULES = YES;
				CLANG_ENABLE_OBJC_ARC = YES;
				CLANG_WARN_BOOL_CONVERSION = YES;
				CLANG_WARN_CONSTANT_CONVERSION = YES;
				CLANG_WARN_DIRECT_OBJC_ISA_USAGE = YES_ERROR;
				CLANG_WARN_EMPTY_BODY = YES;
				CLANG_WARN_ENUM_CONVERSION = YES;
				CLANG_WARN_INT_CONVERSION = YES;
				CLANG_WARN_OBJC_ROOT_CLASS = YES_ERROR;
				CLANG_WARN__DUPLICATE_METHOD_MATCH = YES;
				"CODE_SIGN_IDENTITY[sdk=iphoneos*]" = "iPhone Developer";
				COPY_PHASE_STRIP = NO;
				GCC_C_LANGUAGE_STANDARD = gnu99;
				GCC_DYNAMIC_NO_PIC = NO;
				GCC_OPTIMIZATION_LEVEL = 0;
				GCC_PREPROCESSOR_DEFINITIONS = (
					"DEBUG=1",
					"$(inherited)",
				);
				GCC_SYMBOLS_PRIVATE_EXTERN = NO;
				GCC_WARN_64_TO_32_BIT_CONVERSION = YES;
				GCC_WARN_ABOUT_RETURN_TYPE = YES_ERROR;
				GCC_WARN_UNDECLARED_SELECTOR = YES;
				GCC_WARN_UNINITIALIZED_AUTOS = YES;
				GCC_WARN_UNUSED_FUNCTION = YES;
				GCC_WARN_UNUSED_VARIABLE = YES;
				IPHONEOS_DEPLOYMENT_TARGET = 7.0;
				ONLY_ACTIVE_ARCH = YES;
				SDKROOT = iphoneos;
				TARGETED_DEVICE_FAMILY = "1,2";
			};
			name = Debug;
		};
		188101641824A892002AF8D8 /* Release */ = {
			isa = XCBuildConfiguration;
			buildSettings = {
				ALWAYS_SEARCH_USER_PATHS = NO;
				ARCHS = "$(ARCHS_STANDARD_INCLUDING_64_BIT)";
				CLANG_CXX_LANGUAGE_STANDARD = "gnu++0x";
				CLANG_CXX_LIBRARY = "libc++";
				CLANG_ENABLE_MODULES = YES;
				CLANG_ENABLE_OBJC_ARC = YES;
				CLANG_WARN_BOOL_CONVERSION = YES;
				CLANG_WARN_CONSTANT_CONVERSION = YES;
				CLANG_WARN_DIRECT_OBJC_ISA_USAGE = YES_ERROR;
				CLANG_WARN_EMPTY_BODY = YES;
				CLANG_WARN_ENUM_CONVERSION = YES;
				CLANG_WARN_INT_CONVERSION = YES;
				CLANG_WARN_OBJC_ROOT_CLASS = YES_ERROR;
				CLANG_WARN__DUPLICATE_METHOD_MATCH = YES;
				"CODE_SIGN_IDENTITY[sdk=iphoneos*]" = "iPhone Developer";
				COPY_PHASE_STRIP = YES;
				ENABLE_NS_ASSERTIONS = NO;
				GCC_C_LANGUAGE_STANDARD = gnu99;
				GCC_WARN_64_TO_32_BIT_CONVERSION = YES;
				GCC_WARN_ABOUT_RETURN_TYPE = YES_ERROR;
				GCC_WARN_UNDECLARED_SELECTOR = YES;
				GCC_WARN_UNINITIALIZED_AUTOS = YES;
				GCC_WARN_UNUSED_FUNCTION = YES;
				GCC_WARN_UNUSED_VARIABLE = YES;
				IPHONEOS_DEPLOYMENT_TARGET = 7.0;
				SDKROOT = iphoneos;
				TARGETED_DEVICE_FAMILY = "1,2";
				VALIDATE_PRODUCT = YES;
			};
			name = Release;
		};
		188101661824A892002AF8D8 /* Debug */ = {
			isa = XCBuildConfiguration;
			buildSettings = {
				ARCHS = "$(ARCHS_STANDARD)";
				ASSETCATALOG_COMPILER_APPICON_NAME = AppIcon;
				ASSETCATALOG_COMPILER_LAUNCHIMAGE_NAME = LaunchImage;
				CLANG_CXX_LANGUAGE_STANDARD = "gnu++98";
				CLANG_CXX_LIBRARY = "libstdc++";
				CLANG_ENABLE_OBJC_ARC = NO;
				CODE_SIGN_IDENTITY = "iPhone Developer";
				"CODE_SIGN_IDENTITY[sdk=iphoneos*]" = "iPhone Developer";
				GCC_PRECOMPILE_PREFIX_HEADER = YES;
				GCC_PREFIX_HEADER = "test/test-Prefix.pch";
				HEADER_SEARCH_PATHS = (
					"$(inherited)",
					/Applications/Xcode.app/Contents/Developer/Toolchains/XcodeDefault.xctoolchain/usr/include,
					../../Base/Base/Include,
					../../RenderEngine/Include,
					../../RenderEngine/Include/RenderEngine,
					../../RenderEngine/Include/RenderSystemGLES2,
					../../Client/Common,
					../../Base/LuaEngine/Include,
					../../Base/SchemeEngine/Include,
					../../Base/EventEngine/Include,
					../../Client/EntityView/Include,
					../../Common,
					../../Client/AudioEngine/Include,
					../../Base/ResManager/Include,
					../../Client/SceneManager2/Include,
				);
				INFOPLIST_FILE = "test/test-Info.plist";
				PRODUCT_NAME = "$(TARGET_NAME)";
				PROVISIONING_PROFILE = "";
				VALID_ARCHS = "armv7 armv7s";
				WRAPPER_EXTENSION = app;
			};
			name = Debug;
		};
		188101671824A892002AF8D8 /* Release */ = {
			isa = XCBuildConfiguration;
			buildSettings = {
				ARCHS = "$(ARCHS_STANDARD)";
				ASSETCATALOG_COMPILER_APPICON_NAME = AppIcon;
				ASSETCATALOG_COMPILER_LAUNCHIMAGE_NAME = LaunchImage;
				CLANG_CXX_LANGUAGE_STANDARD = "gnu++98";
				CLANG_CXX_LIBRARY = "libstdc++";
				CLANG_ENABLE_OBJC_ARC = NO;
				CODE_SIGN_IDENTITY = "iPhone Developer";
				"CODE_SIGN_IDENTITY[sdk=iphoneos*]" = "iPhone Developer";
				GCC_PRECOMPILE_PREFIX_HEADER = YES;
				GCC_PREFIX_HEADER = "test/test-Prefix.pch";
				HEADER_SEARCH_PATHS = (
					"$(inherited)",
					/Applications/Xcode.app/Contents/Developer/Toolchains/XcodeDefault.xctoolchain/usr/include,
					../../Base/Base/Include,
					../../RenderEngine/Include,
					../../RenderEngine/Include/RenderEngine,
					../../RenderEngine/Include/RenderSystemGLES2,
					../../Client/Common,
					../../Base/LuaEngine/Include,
					../../Base/SchemeEngine/Include,
					../../Base/EventEngine/Include,
					../../Client/EntityView/Include,
					../../Common,
					../../Client/AudioEngine/Include,
					../../Base/ResManager/Include,
					../../Client/SceneManager2/Include,
				);
				INFOPLIST_FILE = "test/test-Info.plist";
				PRODUCT_NAME = "$(TARGET_NAME)";
				PROVISIONING_PROFILE = "";
				VALID_ARCHS = "armv7 armv7s";
				WRAPPER_EXTENSION = app;
			};
			name = Release;
		};
		188101691824A892002AF8D8 /* Debug */ = {
			isa = XCBuildConfiguration;
			buildSettings = {
				ARCHS = "$(ARCHS_STANDARD_INCLUDING_64_BIT)";
				BUNDLE_LOADER = "$(BUILT_PRODUCTS_DIR)/test.app/test";
				FRAMEWORK_SEARCH_PATHS = (
					"$(SDKROOT)/Developer/Library/Frameworks",
					"$(inherited)",
					"$(DEVELOPER_FRAMEWORKS_DIR)",
				);
				GCC_PRECOMPILE_PREFIX_HEADER = YES;
				GCC_PREFIX_HEADER = "test/test-Prefix.pch";
				GCC_PREPROCESSOR_DEFINITIONS = (
					"DEBUG=1",
					"$(inherited)",
				);
				INFOPLIST_FILE = "testTests/testTests-Info.plist";
				PRODUCT_NAME = "$(TARGET_NAME)";
				TEST_HOST = "$(BUNDLE_LOADER)";
				WRAPPER_EXTENSION = xctest;
			};
			name = Debug;
		};
		1881016A1824A892002AF8D8 /* Release */ = {
			isa = XCBuildConfiguration;
			buildSettings = {
				ARCHS = "$(ARCHS_STANDARD_INCLUDING_64_BIT)";
				BUNDLE_LOADER = "$(BUILT_PRODUCTS_DIR)/test.app/test";
				FRAMEWORK_SEARCH_PATHS = (
					"$(SDKROOT)/Developer/Library/Frameworks",
					"$(inherited)",
					"$(DEVELOPER_FRAMEWORKS_DIR)",
				);
				GCC_PRECOMPILE_PREFIX_HEADER = YES;
				GCC_PREFIX_HEADER = "test/test-Prefix.pch";
				INFOPLIST_FILE = "testTests/testTests-Info.plist";
				PRODUCT_NAME = "$(TARGET_NAME)";
				TEST_HOST = "$(BUNDLE_LOADER)";
				WRAPPER_EXTENSION = xctest;
			};
			name = Release;
		};
/* End XCBuildConfiguration section */

/* Begin XCConfigurationList section */
		188101341824A892002AF8D8 /* Build configuration list for PBXProject "test" */ = {
			isa = XCConfigurationList;
			buildConfigurations = (
				188101631824A892002AF8D8 /* Debug */,
				188101641824A892002AF8D8 /* Release */,
			);
			defaultConfigurationIsVisible = 0;
			defaultConfigurationName = Release;
		};
		188101651824A892002AF8D8 /* Build configuration list for PBXNativeTarget "test" */ = {
			isa = XCConfigurationList;
			buildConfigurations = (
				188101661824A892002AF8D8 /* Debug */,
				188101671824A892002AF8D8 /* Release */,
			);
			defaultConfigurationIsVisible = 0;
			defaultConfigurationName = Release;
		};
		188101681824A892002AF8D8 /* Build configuration list for PBXNativeTarget "testTests" */ = {
			isa = XCConfigurationList;
			buildConfigurations = (
				188101691824A892002AF8D8 /* Debug */,
				1881016A1824A892002AF8D8 /* Release */,
			);
			defaultConfigurationIsVisible = 0;
			defaultConfigurationName = Release;
		};
/* End XCConfigurationList section */
	};
	rootObject = 188101311824A892002AF8D8 /* Project object */;
}
